
Microsoft Visual Studio Solution File, Format Version 12.00
# Visual Studio Version 17
VisualStudioVersion = 17.5.002.0
MinimumVisualStudioVersion = 10.0.40219.1
Project("{9A19103F-16F7-4668-BE54-9A1E7A4F7556}") = "JikanBlazorApp", "JikanBlazorApp\JikanBlazorApp.csproj", "{22BBF099-9B2B-4CF5-B5BF-025202EF805C}"
EndProject
Project("{FAE04EC0-301F-11D3-BF4B-00C04F79EFBC}") = "JikanBlazorAppTests", "JikanBlazorAppTests\JikanBlazorAppTests.csproj", "{779721EC-9001-49A1-BED6-0C706A302CB5}"
EndProject
Global
	GlobalSection(SolutionConfigurationPlatforms) = preSolution
		Debug|Any CPU = Debug|Any CPU
		Release|Any CPU = Release|Any CPU
	EndGlobalSection
	GlobalSection(ProjectConfigurationPlatforms) = postSolution
		{22BBF099-9B2B-4CF5-B5BF-025202EF805C}.Debug|Any CPU.ActiveCfg = Debug|Any CPU
		{22BBF099-9B2B-4CF5-B5BF-025202EF805C}.Debug|Any CPU.Build.0 = Debug|Any CPU
		{22BBF099-9B2B-4CF5-B5BF-025202EF805C}.Release|Any CPU.ActiveCfg = Release|Any CPU
		{22BBF099-9B2B-4CF5-B5BF-025202EF805C}.Release|Any CPU.Build.0 = Release|Any CPU
		{779721EC-9001-49A1-BED6-0C706A302CB5}.Debug|Any CPU.ActiveCfg = Debug|Any CPU
		{779721EC-9001-49A1-BED6-0C706A302CB5}.Debug|Any CPU.Build.0 = Debug|Any CPU
		{779721EC-9001-49A1-BED6-0C706A302CB5}.Release|Any CPU.ActiveCfg = Release|Any CPU
		{779721EC-9001-49A1-BED6-0C706A302CB5}.Release|Any CPU.Build.0 = Release|Any CPU
	EndGlobalSection
	GlobalSection(SolutionProperties) = preSolution
		HideSolutionNode = FALSE
	EndGlobalSection
	GlobalSection(ExtensibilityGlobals) = postSolution
		SolutionGuid = {54E8199E-7B1E-444D-9EAB-1C8AD5A4FEBE}
	EndGlobalSection
EndGlobal
